// !$*UTF8*$!
{
	archiveVersion = 1;
	classes = {
	};
	objectVersion = 56;
	objects = {

/* Begin PBXBuildFile section */
		DD26D4742BBB345900445C98 /* FetchAPIApp.swift in Sources */ = {isa = PBXBuildFile; fileRef = DD26D4732BBB345900445C98 /* FetchAPIApp.swift */; };
		DD26D4762BBB345900445C98 /* ContentView.swift in Sources */ = {isa = PBXBuildFile; fileRef = DD26D4752BBB345900445C98 /* ContentView.swift */; };
		DD26D4782BBB345A00445C98 /* Assets.xcassets in Resources */ = {isa = PBXBuildFile; fileRef = DD26D4772BBB345A00445C98 /* Assets.xcassets */; };
		DD26D47B2BBB345A00445C98 /* Preview Assets.xcassets in Resources */ = {isa = PBXBuildFile; fileRef = DD26D47A2BBB345A00445C98 /* Preview Assets.xcassets */; };
		DD26D4852BBB487F00445C98 /* MainView.swift in Sources */ = {isa = PBXBuildFile; fileRef = DD26D4842BBB487F00445C98 /* MainView.swift */; };
		DD26D4872BBB48A200445C98 /* MainViewModel.swift in Sources */ = {isa = PBXBuildFile; fileRef = DD26D4862BBB48A200445C98 /* MainViewModel.swift */; };
		DD26D4892BBB48EB00445C98 /* NetworkManager.swift in Sources */ = {isa = PBXBuildFile; fileRef = DD26D4882BBB48EB00445C98 /* NetworkManager.swift */; };
		DD26D48C2BBB4B6900445C98 /* Meals.swift in Sources */ = {isa = PBXBuildFile; fileRef = DD26D48B2BBB4B6900445C98 /* Meals.swift */; };
		DD26D48E2BBB4F7700445C98 /* MealDetail.swift in Sources */ = {isa = PBXBuildFile; fileRef = DD26D48D2BBB4F7700445C98 /* MealDetail.swift */; };
		DD26D4912BBB567C00445C98 /* DessertCell.swift in Sources */ = {isa = PBXBuildFile; fileRef = DD26D4902BBB567C00445C98 /* DessertCell.swift */; };
		DDC948FF2BBCEAF000C0A6B3 /* DessertDetailCell.swift in Sources */ = {isa = PBXBuildFile; fileRef = DDC948FE2BBCEAF000C0A6B3 /* DessertDetailCell.swift */; };
		DDC949042BBD1F3300C0A6B3 /* MealsResponse.swift in Sources */ = {isa = PBXBuildFile; fileRef = DDC949032BBD1F3300C0A6B3 /* MealsResponse.swift */; };
		DDC949062BBD206D00C0A6B3 /* DessertDetailViewModel.swift in Sources */ = {isa = PBXBuildFile; fileRef = DDC949052BBD206D00C0A6B3 /* DessertDetailViewModel.swift */; };
/* End PBXBuildFile section */

/* Begin PBXFileReference section */
		DD26D4702BBB345900445C98 /* FetchAPI.app */ = {isa = PBXFileReference; explicitFileType = wrapper.application; includeInIndex = 0; path = FetchAPI.app; sourceTree = BUILT_PRODUCTS_DIR; };
		DD26D4732BBB345900445C98 /* FetchAPIApp.swift */ = {isa = PBXFileReference; lastKnownFileType = sourcecode.swift; path = FetchAPIApp.swift; sourceTree = "<group>"; };
		DD26D4752BBB345900445C98 /* ContentView.swift */ = {isa = PBXFileReference; lastKnownFileType = sourcecode.swift; path = ContentView.swift; sourceTree = "<group>"; };
		DD26D4772BBB345A00445C98 /* Assets.xcassets */ = {isa = PBXFileReference; lastKnownFileType = folder.assetcatalog; path = Assets.xcassets; sourceTree = "<group>"; };
		DD26D47A2BBB345A00445C98 /* Preview Assets.xcassets */ = {isa = PBXFileReference; lastKnownFileType = folder.assetcatalog; path = "Preview Assets.xcassets"; sourceTree = "<group>"; };
		DD26D4842BBB487F00445C98 /* MainView.swift */ = {isa = PBXFileReference; lastKnownFileType = sourcecode.swift; path = MainView.swift; sourceTree = "<group>"; };
		DD26D4862BBB48A200445C98 /* MainViewModel.swift */ = {isa = PBXFileReference; lastKnownFileType = sourcecode.swift; path = MainViewModel.swift; sourceTree = "<group>"; };
		DD26D4882BBB48EB00445C98 /* NetworkManager.swift */ = {isa = PBXFileReference; lastKnownFileType = sourcecode.swift; path = NetworkManager.swift; sourceTree = "<group>"; };
		DD26D48B2BBB4B6900445C98 /* Meals.swift */ = {isa = PBXFileReference; lastKnownFileType = sourcecode.swift; path = Meals.swift; sourceTree = "<group>"; };
		DD26D48D2BBB4F7700445C98 /* MealDetail.swift */ = {isa = PBXFileReference; lastKnownFileType = sourcecode.swift; path = MealDetail.swift; sourceTree = "<group>"; };
		DD26D4902BBB567C00445C98 /* DessertCell.swift */ = {isa = PBXFileReference; lastKnownFileType = sourcecode.swift; path = DessertCell.swift; sourceTree = "<group>"; };
		DDC948FE2BBCEAF000C0A6B3 /* DessertDetailCell.swift */ = {isa = PBXFileReference; lastKnownFileType = sourcecode.swift; path = DessertDetailCell.swift; sourceTree = "<group>"; };
		DDC949032BBD1F3300C0A6B3 /* MealsResponse.swift */ = {isa = PBXFileReference; lastKnownFileType = sourcecode.swift; path = MealsResponse.swift; sourceTree = "<group>"; };
		DDC949052BBD206D00C0A6B3 /* DessertDetailViewModel.swift */ = {isa = PBXFileReference; lastKnownFileType = sourcecode.swift; path = DessertDetailViewModel.swift; sourceTree = "<group>"; };
/* End PBXFileReference section */

/* Begin PBXFrameworksBuildPhase section */
		DD26D46D2BBB345900445C98 /* Frameworks */ = {
			isa = PBXFrameworksBuildPhase;
			buildActionMask = 2147483647;
			files = (
			);
			runOnlyForDeploymentPostprocessing = 0;
		};
/* End PBXFrameworksBuildPhase section */

/* Begin PBXGroup section */
		DD26D4672BBB345900445C98 = {
			isa = PBXGroup;
			children = (
				DD26D4722BBB345900445C98 /* FetchAPI */,
				DD26D4712BBB345900445C98 /* Products */,
			);
			sourceTree = "<group>";
		};
		DD26D4712BBB345900445C98 /* Products */ = {
			isa = PBXGroup;
			children = (
				DD26D4702BBB345900445C98 /* FetchAPI.app */,
			);
			name = Products;
			sourceTree = "<group>";
		};
		DD26D4722BBB345900445C98 /* FetchAPI */ = {
			isa = PBXGroup;
			children = (
				DD26D48F2BBB566C00445C98 /* Components */,
				DD26D48A2BBB49E500445C98 /* Models */,
				DD26D4832BBB486E00445C98 /* Managers */,
				DD26D4822BBB486800445C98 /* ViewModel */,
				DD26D4812BBB486200445C98 /* Views */,
				DD26D4732BBB345900445C98 /* FetchAPIApp.swift */,
				DD26D4752BBB345900445C98 /* ContentView.swift */,
				DD26D4772BBB345A00445C98 /* Assets.xcassets */,
				DD26D4792BBB345A00445C98 /* Preview Content */,
			);
			path = FetchAPI;
			sourceTree = "<group>";
		};
		DD26D4792BBB345A00445C98 /* Preview Content */ = {
			isa = PBXGroup;
			children = (
				DD26D47A2BBB345A00445C98 /* Preview Assets.xcassets */,
			);
			path = "Preview Content";
			sourceTree = "<group>";
		};
		DD26D4812BBB486200445C98 /* Views */ = {
			isa = PBXGroup;
			children = (
				DD26D4842BBB487F00445C98 /* MainView.swift */,
			);
			path = Views;
			sourceTree = "<group>";
		};
		DD26D4822BBB486800445C98 /* ViewModel */ = {
			isa = PBXGroup;
			children = (
				DD26D4862BBB48A200445C98 /* MainViewModel.swift */,
				DDC949052BBD206D00C0A6B3 /* DessertDetailViewModel.swift */,
			);
			path = ViewModel;
			sourceTree = "<group>";
		};
		DD26D4832BBB486E00445C98 /* Managers */ = {
			isa = PBXGroup;
			children = (
				DD26D4882BBB48EB00445C98 /* NetworkManager.swift */,
			);
			path = Managers;
			sourceTree = "<group>";
		};
		DD26D48A2BBB49E500445C98 /* Models */ = {
			isa = PBXGroup;
			children = (
				DD26D48B2BBB4B6900445C98 /* Meals.swift */,
				DD26D48D2BBB4F7700445C98 /* MealDetail.swift */,
				DDC949032BBD1F3300C0A6B3 /* MealsResponse.swift */,
			);
			path = Models;
			sourceTree = "<group>";
		};
		DD26D48F2BBB566C00445C98 /* Components */ = {
			isa = PBXGroup;
			children = (
				DD26D4902BBB567C00445C98 /* DessertCell.swift */,
				DDC948FE2BBCEAF000C0A6B3 /* DessertDetailCell.swift */,
			);
			path = Components;
			sourceTree = "<group>";
		};
/* End PBXGroup section */

/* Begin PBXNativeTarget section */
		DD26D46F2BBB345900445C98 /* FetchAPI */ = {
			isa = PBXNativeTarget;
			buildConfigurationList = DD26D47E2BBB345A00445C98 /* Build configuration list for PBXNativeTarget "FetchAPI" */;
			buildPhases = (
				DD26D46C2BBB345900445C98 /* Sources */,
				DD26D46D2BBB345900445C98 /* Frameworks */,
				DD26D46E2BBB345900445C98 /* Resources */,
			);
			buildRules = (
			);
			dependencies = (
			);
			name = FetchAPI;
			productName = FetchAPI;
			productReference = DD26D4702BBB345900445C98 /* FetchAPI.app */;
			productType = "com.apple.product-type.application";
		};
/* End PBXNativeTarget section */

/* Begin PBXProject section */
		DD26D4682BBB345900445C98 /* Project object */ = {
			isa = PBXProject;
			attributes = {
				BuildIndependentTargetsInParallel = 1;
				LastSwiftUpdateCheck = 1530;
				LastUpgradeCheck = 1530;
				TargetAttributes = {
					DD26D46F2BBB345900445C98 = {
						CreatedOnToolsVersion = 15.3;
					};
				};
			};
			buildConfigurationList = DD26D46B2BBB345900445C98 /* Build configuration list for PBXProject "FetchAPI" */;
			compatibilityVersion = "Xcode 14.0";
			developmentRegion = en;
			hasScannedForEncodings = 0;
			knownRegions = (
				en,
				Base,
			);
			mainGroup = DD26D4672BBB345900445C98;
			productRefGroup = DD26D4712BBB345900445C98 /* Products */;
			projectDirPath = "";
			projectRoot = "";
			targets = (
				DD26D46F2BBB345900445C98 /* FetchAPI */,
			);
		};
/* End PBXProject section */

/* Begin PBXResourcesBuildPhase section */
		DD26D46E2BBB345900445C98 /* Resources */ = {
			isa = PBXResourcesBuildPhase;
			buildActionMask = 2147483647;
			files = (
				DD26D47B2BBB345A00445C98 /* Preview Assets.xcassets in Resources */,
				DD26D4782BBB345A00445C98 /* Assets.xcassets in Resources */,
			);
			runOnlyForDeploymentPostprocessing = 0;
		};
/* End PBXResourcesBuildPhase section */

/* Begin PBXSourcesBuildPhase section */
		DD26D46C2BBB345900445C98 /* Sources */ = {
			isa = PBXSourcesBuildPhase;
			buildActionMask = 2147483647;
			files = (
				DD26D48C2BBB4B6900445C98 /* Meals.swift in Sources */,
				DDC949062BBD206D00C0A6B3 /* DessertDetailViewModel.swift in Sources */,
				DD26D4762BBB345900445C98 /* ContentView.swift in Sources */,
				DD26D4852BBB487F00445C98 /* MainView.swift in Sources */,
				DDC949042BBD1F3300C0A6B3 /* MealsResponse.swift in Sources */,
				DD26D48E2BBB4F7700445C98 /* MealDetail.swift in Sources */,
				DD26D4892BBB48EB00445C98 /* NetworkManager.swift in Sources */,
				DD26D4742BBB345900445C98 /* FetchAPIApp.swift in Sources */,
				DD26D4912BBB567C00445C98 /* DessertCell.swift in Sources */,
				DDC948FF2BBCEAF000C0A6B3 /* DessertDetailCell.swift in Sources */,
				DD26D4872BBB48A200445C98 /* MainViewModel.swift in Sources */,
			);
			runOnlyForDeploymentPostprocessing = 0;
		};
/* End PBXSourcesBuildPhase section */

/* Begin XCBuildConfiguration section */
		DD26D47C2BBB345A00445C98 /* Debug */ = {
			isa = XCBuildConfiguration;
			buildSettings = {
				ALWAYS_SEARCH_USER_PATHS = NO;
				ASSETCATALOG_COMPILER_GENERATE_SWIFT_ASSET_SYMBOL_EXTENSIONS = YES;
				CLANG_ANALYZER_NONNULL = YES;
				CLANG_ANALYZER_NUMBER_OBJECT_CONVERSION = YES_AGGRESSIVE;
				CLANG_CXX_LANGUAGE_STANDARD = "gnu++20";
				CLANG_ENABLE_MODULES = YES;
				CLANG_ENABLE_OBJC_ARC = YES;
				CLANG_ENABLE_OBJC_WEAK = YES;
				CLANG_WARN_BLOCK_CAPTURE_AUTORELEASING = YES;
				CLANG_WARN_BOOL_CONVERSION = YES;
				CLANG_WARN_COMMA = YES;
				CLANG_WARN_CONSTANT_CONVERSION = YES;
				CLANG_WARN_DEPRECATED_OBJC_IMPLEMENTATIONS = YES;
				CLANG_WARN_DIRECT_OBJC_ISA_USAGE = YES_ERROR;
				CLANG_WARN_DOCUMENTATION_COMMENTS = YES;
				CLANG_WARN_EMPTY_BODY = YES;
				CLANG_WARN_ENUM_CONVERSION = YES;
				CLANG_WARN_INFINITE_RECURSION = YES;
				CLANG_WARN_INT_CONVERSION = YES;
				CLANG_WARN_NON_LITERAL_NULL_CONVERSION = YES;
				CLANG_WARN_OBJC_IMPLICIT_RETAIN_SELF = YES;
				CLANG_WARN_OBJC_LITERAL_CONVERSION = YES;
				CLANG_WARN_OBJC_ROOT_CLASS = YES_ERROR;
				CLANG_WARN_QUOTED_INCLUDE_IN_FRAMEWORK_HEADER = YES;
				CLANG_WARN_RANGE_LOOP_ANALYSIS = YES;
				CLANG_WARN_STRICT_PROTOTYPES = YES;
				CLANG_WARN_SUSPICIOUS_MOVE = YES;
				CLANG_WARN_UNGUARDED_AVAILABILITY = YES_AGGRESSIVE;
				CLANG_WARN_UNREACHABLE_CODE = YES;
				CLANG_WARN__DUPLICATE_METHOD_MATCH = YES;
				COPY_PHASE_STRIP = NO;
				DEBUG_INFORMATION_FORMAT = dwarf;
				ENABLE_STRICT_OBJC_MSGSEND = YES;
				ENABLE_TESTABILITY = YES;
				ENABLE_USER_SCRIPT_SANDBOXING = YES;
				GCC_C_LANGUAGE_STANDARD = gnu17;
				GCC_DYNAMIC_NO_PIC = NO;
				GCC_NO_COMMON_BLOCKS = YES;
				GCC_OPTIMIZATION_LEVEL = 0;
				GCC_PREPROCESSOR_DEFINITIONS = (
					"DEBUG=1",
					"$(inherited)",
				);
				GCC_WARN_64_TO_32_BIT_CONVERSION = YES;
				GCC_WARN_ABOUT_RETURN_TYPE = YES_ERROR;
				GCC_WARN_UNDECLARED_SELECTOR = YES;
				GCC_WARN_UNINITIALIZED_AUTOS = YES_AGGRESSIVE;
				GCC_WARN_UNUSED_FUNCTION = YES;
				GCC_WARN_UNUSED_VARIABLE = YES;
				IPHONEOS_DEPLOYMENT_TARGET = 17.4;
				LOCALIZATION_PREFERS_STRING_CATALOGS = YES;
				MTL_ENABLE_DEBUG_INFO = INCLUDE_SOURCE;
				MTL_FAST_MATH = YES;
				ONLY_ACTIVE_ARCH = YES;
				SDKROOT = iphoneos;
				SWIFT_ACTIVE_COMPILATION_CONDITIONS = "DEBUG $(inherited)";
				SWIFT_OPTIMIZATION_LEVEL = "-Onone";
			};
			name = Debug;
		};
		DD26D47D2BBB345A00445C98 /* Release */ = {
			isa = XCBuildConfiguration;
			buildSettings = {
				ALWAYS_SEARCH_USER_PATHS = NO;
				ASSETCATALOG_COMPILER_GENERATE_SWIFT_ASSET_SYMBOL_EXTENSIONS = YES;
				CLANG_ANALYZER_NONNULL = YES;
				CLANG_ANALYZER_NUMBER_OBJECT_CONVERSION = YES_AGGRESSIVE;
				CLANG_CXX_LANGUAGE_STANDARD = "gnu++20";
				CLANG_ENABLE_MODULES = YES;
				CLANG_ENABLE_OBJC_ARC = YES;
				CLANG_ENABLE_OBJC_WEAK = YES;
				CLANG_WARN_BLOCK_CAPTURE_AUTORELEASING = YES;
				CLANG_WARN_BOOL_CONVERSION = YES;
				CLANG_WARN_COMMA = YES;
				CLANG_WARN_CONSTANT_CONVERSION = YES;
				CLANG_WARN_DEPRECATED_OBJC_IMPLEMENTATIONS = YES;
				CLANG_WARN_DIRECT_OBJC_ISA_USAGE = YES_ERROR;
				CLANG_WARN_DOCUMENTATION_COMMENTS = YES;
				CLANG_WARN_EMPTY_BODY = YES;
				CLANG_WARN_ENUM_CONVERSION = YES;
				CLANG_WARN_INFINITE_RECURSION = YES;
				CLANG_WARN_INT_CONVERSION = YES;
				CLANG_WARN_NON_LITERAL_NULL_CONVERSION = YES;
				CLANG_WARN_OBJC_IMPLICIT_RETAIN_SELF = YES;
				CLANG_WARN_OBJC_LITERAL_CONVERSION = YES;
				CLANG_WARN_OBJC_ROOT_CLASS = YES_ERROR;
				CLANG_WARN_QUOTED_INCLUDE_IN_FRAMEWORK_HEADER = YES;
				CLANG_WARN_RANGE_LOOP_ANALYSIS = YES;
				CLANG_WARN_STRICT_PROTOTYPES = YES;
				CLANG_WARN_SUSPICIOUS_MOVE = YES;
				CLANG_WARN_UNGUARDED_AVAILABILITY = YES_AGGRESSIVE;
				CLANG_WARN_UNREACHABLE_CODE = YES;
				CLANG_WARN__DUPLICATE_METHOD_MATCH = YES;
				COPY_PHASE_STRIP = NO;
				DEBUG_INFORMATION_FORMAT = "dwarf-with-dsym";
				ENABLE_NS_ASSERTIONS = NO;
				ENABLE_STRICT_OBJC_MSGSEND = YES;
				ENABLE_USER_SCRIPT_SANDBOXING = YES;
				GCC_C_LANGUAGE_STANDARD = gnu17;
				GCC_NO_COMMON_BLOCKS = YES;
				GCC_WARN_64_TO_32_BIT_CONVERSION = YES;
				GCC_WARN_ABOUT_RETURN_TYPE = YES_ERROR;
				GCC_WARN_UNDECLARED_SELECTOR = YES;
				GCC_WARN_UNINITIALIZED_AUTOS = YES_AGGRESSIVE;
				GCC_WARN_UNUSED_FUNCTION = YES;
				GCC_WARN_UNUSED_VARIABLE = YES;
				IPHONEOS_DEPLOYMENT_TARGET = 17.4;
				LOCALIZATION_PREFERS_STRING_CATALOGS = YES;
				MTL_ENABLE_DEBUG_INFO = NO;
				MTL_FAST_MATH = YES;
				SDKROOT = iphoneos;
				SWIFT_COMPILATION_MODE = wholemodule;
				VALIDATE_PRODUCT = YES;
			};
			name = Release;
		};
		DD26D47F2BBB345A00445C98 /* Debug */ = {
			isa = XCBuildConfiguration;
			buildSettings = {
				ASSETCATALOG_COMPILER_APPICON_NAME = AppIcon;
				ASSETCATALOG_COMPILER_GLOBAL_ACCENT_COLOR_NAME = AccentColor;
				CODE_SIGN_STYLE = Automatic;
				CURRENT_PROJECT_VERSION = 1;
				DEVELOPMENT_ASSET_PATHS = "\"FetchAPI/Preview Content\"";
				DEVELOPMENT_TEAM = ZW3N55LCY7;
				ENABLE_PREVIEWS = YES;
				GENERATE_INFOPLIST_FILE = YES;
				INFOPLIST_KEY_UIApplicationSceneManifest_Generation = YES;
				INFOPLIST_KEY_UIApplicationSupportsIndirectInputEvents = YES;
				INFOPLIST_KEY_UILaunchScreen_Generation = YES;
				INFOPLIST_KEY_UISupportedInterfaceOrientations_iPad = "UIInterfaceOrientationPortrait UIInterfaceOrientationPortraitUpsideDown UIInterfaceOrientationLandscapeLeft UIInterfaceOrientationLandscapeRight";
				INFOPLIST_KEY_UISupportedInterfaceOrientations_iPhone = "UIInterfaceOrientationPortrait UIInterfaceOrientationLandscapeLeft UIInterfaceOrientationLandscapeRight";
				IPHONEOS_DEPLOYMENT_TARGET = 15.0;
				LD_RUNPATH_SEARCH_PATHS = (
					"$(inherited)",
					"@executable_path/Frameworks",
				);
				MARKETING_VERSION = 1.0;
				PRODUCT_BUNDLE_IDENTIFIER = PavelAndreev.FetchAPI;
				PRODUCT_NAME = "$(TARGET_NAME)";
				SUPPORTED_PLATFORMS = "iphoneos iphonesimulator";
				SUPPORTS_MACCATALYST = NO;
				SUPPORTS_MAC_DESIGNED_FOR_IPHONE_IPAD = NO;
				SUPPORTS_XR_DESIGNED_FOR_IPHONE_IPAD = NO;
				SWIFT_EMIT_LOC_STRINGS = YES;
				SWIFT_VERSION = 5.0;
				TARGETED_DEVICE_FAMILY = 1;
			};
			name = Debug;
		};
		DD26D4802BBB345A00445C98 /* Release */ = {
			isa = XCBuildConfiguration;
			buildSettings = {
				ASSETCATALOG_COMPILER_APPICON_NAME = AppIcon;
				ASSETCATALOG_COMPILER_GLOBAL_ACCENT_COLOR_NAME = AccentColor;
				CODE_SIGN_STYLE = Automatic;
				CURRENT_PROJECT_VERSION = 1;
				DEVELOPMENT_ASSET_PATHS = "\"FetchAPI/Preview Content\"";
				DEVELOPMENT_TEAM = ZW3N55LCY7;
				ENABLE_PREVIEWS = YES;
				GENERATE_INFOPLIST_FILE = YES;
				INFOPLIST_KEY_UIApplicationSceneManifest_Generation = YES;
				INFOPLIST_KEY_UIApplicationSupportsIndirectInputEvents = YES;
				INFOPLIST_KEY_UILaunchScreen_Generation = YES;
				INFOPLIST_KEY_UISupportedInterfaceOrientations_iPad = "UIInterfaceOrientationPortrait UIInterfaceOrientationPortraitUpsideDown UIInterfaceOrientationLandscapeLeft UIInterfaceOrientationLandscapeRight";
				INFOPLIST_KEY_UISupportedInterfaceOrientations_iPhone = "UIInterfaceOrientationPortrait UIInterfaceOrientationLandscapeLeft UIInterfaceOrientationLandscapeRight";
				IPHONEOS_DEPLOYMENT_TARGET = 15.0;
				LD_RUNPATH_SEARCH_PATHS = (
					"$(inherited)",
					"@executable_path/Frameworks",
				);
				MARKETING_VERSION = 1.0;
				PRODUCT_BUNDLE_IDENTIFIER = PavelAndreev.FetchAPI;
				PRODUCT_NAME = "$(TARGET_NAME)";
				SUPPORTED_PLATFORMS = "iphoneos iphonesimulator";
				SUPPORTS_MACCATALYST = NO;
				SUPPORTS_MAC_DESIGNED_FOR_IPHONE_IPAD = NO;
				SUPPORTS_XR_DESIGNED_FOR_IPHONE_IPAD = NO;
				SWIFT_EMIT_LOC_STRINGS = YES;
				SWIFT_VERSION = 5.0;
				TARGETED_DEVICE_FAMILY = 1;
			};
			name = Release;
		};
/* End XCBuildConfiguration section */

/* Begin XCConfigurationList section */
		DD26D46B2BBB345900445C98 /* Build configuration list for PBXProject "FetchAPI" */ = {
			isa = XCConfigurationList;
			buildConfigurations = (
				DD26D47C2BBB345A00445C98 /* Debug */,
				DD26D47D2BBB345A00445C98 /* Release */,
			);
			defaultConfigurationIsVisible = 0;
			defaultConfigurationName = Release;
		};
		DD26D47E2BBB345A00445C98 /* Build configuration list for PBXNativeTarget "FetchAPI" */ = {
			isa = XCConfigurationList;
			buildConfigurations = (
				DD26D47F2BBB345A00445C98 /* Debug */,
				DD26D4802BBB345A00445C98 /* Release */,
			);
			defaultConfigurationIsVisible = 0;
			defaultConfigurationName = Release;
		};
/* End XCConfigurationList section */
	};
	rootObject = DD26D4682BBB345900445C98 /* Project object */;
}
